
Microsoft Visual Studio Solution File, Format Version 12.00
# Visual Studio Version 16
VisualStudioVersion = 16.0.32106.194
MinimumVisualStudioVersion = 10.0.40219.1
Project("{8BC9CEB8-8B4A-11D0-8D11-00A0C91BC942}") = "check_sys", "check_sys\check_sys.vcxproj", "{C84012D1-30E1-437A-85B8-6086C16E2471}"
EndProject
Global
	GlobalSection(SolutionConfigurationPlatforms) = preSolution
		Debug|x64 = Debug|x64
		Debug|x86 = Debug|x86
		Release|x64 = Release|x64
		Release|x86 = Release|x86
	EndGlobalSection
	GlobalSection(ProjectConfigurationPlatforms) = postSolution
		{C84012D1-30E1-437A-85B8-6086C16E2471}.Debug|x64.ActiveCfg = Debug|x64
		{C84012D1-30E1-437A-85B8-6086C16E2471}.Debug|x64.Build.0 = Debug|x64
		{C84012D1-30E1-437A-85B8-6086C16E2471}.Debug|x86.ActiveCfg = Debug|Win32
		{C84012D1-30E1-437A-85B8-6086C16E2471}.Debug|x86.Build.0 = Debug|Win32
		{C84012D1-30E1-437A-85B8-6086C16E2471}.Release|x64.ActiveCfg = Release|x64
		{C84012D1-30E1-437A-85B8-6086C16E2471}.Release|x64.Build.0 = Release|x64
		{C84012D1-30E1-437A-85B8-6086C16E2471}.Release|x86.ActiveCfg = Release|Win32
		{C84012D1-30E1-437A-85B8-6086C16E2471}.Release|x86.Build.0 = Release|Win32
	EndGlobalSection
	GlobalSection(SolutionProperties) = preSolution
		HideSolutionNode = FALSE
	EndGlobalSection
	GlobalSection(ExtensibilityGlobals) = postSolution
		SolutionGuid = {6F039CDB-7FDA-41E2-8989-FA13C3DB62DF}
	EndGlobalSection
EndGlobal
